PODS:
  - Alamofire (4.8.1)
  - AlamofireObjectMapper (5.2.0):
    - Alamofire (~> 4.7)
    - ObjectMapper (~> 3.4)
  - Kingfisher (5.1.0)
  - ObjectMapper (3.4.2)

DEPENDENCIES:
  - Alamofire
  - AlamofireObjectMapper
  - Kingfisher
  - ObjectMapper

SPEC REPOS:
  https://github.com/cocoapods/specs.git:
    - Alamofire
    - AlamofireObjectMapper
    - Kingfisher
    - ObjectMapper

SPEC CHECKSUMS:
  Alamofire: 16ce2c353fb72865124ddae8a57c5942388f4f11
  AlamofireObjectMapper: 92b6ce2423a9d159e686f6a1d514a009bf903ddc
  Kingfisher: fcec238063d17404fca89bf0a850583211c4cbf6
  ObjectMapper: 0d4402610f4e468903ae64629eec4784531e5c51

PODFILE CHECKSUM: be64c74fd855def0872d49f7675fb3188cb5f8c3

COCOAPODS: 1.5.3
