// !$*UTF8*$!
{
	archiveVersion = 1;
	classes = {
	};
	objectVersion = 50;
	objects = {

/* Begin PBXBuildFile section */
		7C62E9A422045D5D002AC628 /* AppDelegate.swift in Sources */ = {isa = PBXBuildFile; fileRef = 7C62E9A322045D5D002AC628 /* AppDelegate.swift */; };
		7C62E9A622045D5D002AC628 /* ViewController.swift in Sources */ = {isa = PBXBuildFile; fileRef = 7C62E9A522045D5D002AC628 /* ViewController.swift */; };
		7C62E9A922045D5D002AC628 /* Main.storyboard in Resources */ = {isa = PBXBuildFile; fileRef = 7C62E9A722045D5D002AC628 /* Main.storyboard */; };
		7C62E9AB22045D61002AC628 /* Assets.xcassets in Resources */ = {isa = PBXBuildFile; fileRef = 7C62E9AA22045D61002AC628 /* Assets.xcassets */; };
		7C62E9AE22045D61002AC628 /* LaunchScreen.storyboard in Resources */ = {isa = PBXBuildFile; fileRef = 7C62E9AC22045D61002AC628 /* LaunchScreen.storyboard */; };
		7CCBFE04220974F700E784B7 /* Extensions.swift in Sources */ = {isa = PBXBuildFile; fileRef = 7CCBFE03220974F700E784B7 /* Extensions.swift */; };
		7CCBFE062209C79C00E784B7 /* UserTableViewCell.swift in Sources */ = {isa = PBXBuildFile; fileRef = 7CCBFE052209C79C00E784B7 /* UserTableViewCell.swift */; };
		7CCBFE082209CFA200E784B7 /* APIManager.swift in Sources */ = {isa = PBXBuildFile; fileRef = 7CCBFE072209CFA200E784B7 /* APIManager.swift */; };
		7CCBFE0A2209CFC400E784B7 /* NetworkResult.swift in Sources */ = {isa = PBXBuildFile; fileRef = 7CCBFE092209CFC400E784B7 /* NetworkResult.swift */; };
		7CCBFE0C220AFBA500E784B7 /* Requestable.swift in Sources */ = {isa = PBXBuildFile; fileRef = 7CCBFE0B220AFBA500E784B7 /* Requestable.swift */; };
		7CCBFE12220AFF5E00E784B7 /* SearchService.swift in Sources */ = {isa = PBXBuildFile; fileRef = 7CCBFE11220AFF5E00E784B7 /* SearchService.swift */; };
		7CCBFE14220AFFB000E784B7 /* SearchObject.swift in Sources */ = {isa = PBXBuildFile; fileRef = 7CCBFE13220AFFB000E784B7 /* SearchObject.swift */; };
		7CCBFE16220AFFE000E784B7 /* SearchItem.swift in Sources */ = {isa = PBXBuildFile; fileRef = 7CCBFE15220AFFE000E784B7 /* SearchItem.swift */; };
		7CCBFE18220AFFFE00E784B7 /* UserObject.swift in Sources */ = {isa = PBXBuildFile; fileRef = 7CCBFE17220AFFFE00E784B7 /* UserObject.swift */; };
		7CCBFE1A220B013B00E784B7 /* UserService.swift in Sources */ = {isa = PBXBuildFile; fileRef = 7CCBFE19220B013B00E784B7 /* UserService.swift */; };
		E669407528B619C1B4E291A1 /* Pods_GithubSearch.framework in Frameworks */ = {isa = PBXBuildFile; fileRef = F0C21E79001247A44CCC9E48 /* Pods_GithubSearch.framework */; };
/* End PBXBuildFile section */

/* Begin PBXFileReference section */
		3CBCE16639584363DB1BEBA9 /* Pods-GithubSearch.release.xcconfig */ = {isa = PBXFileReference; includeInIndex = 1; lastKnownFileType = text.xcconfig; name = "Pods-GithubSearch.release.xcconfig"; path = "Pods/Target Support Files/Pods-GithubSearch/Pods-GithubSearch.release.xcconfig"; sourceTree = "<group>"; };
		3F8EEA8C0A26478DC89D3C2B /* Pods-GithubSearch.debug.xcconfig */ = {isa = PBXFileReference; includeInIndex = 1; lastKnownFileType = text.xcconfig; name = "Pods-GithubSearch.debug.xcconfig"; path = "Pods/Target Support Files/Pods-GithubSearch/Pods-GithubSearch.debug.xcconfig"; sourceTree = "<group>"; };
		7C62E9A022045D5D002AC628 /* GithubSearch.app */ = {isa = PBXFileReference; explicitFileType = wrapper.application; includeInIndex = 0; path = GithubSearch.app; sourceTree = BUILT_PRODUCTS_DIR; };
		7C62E9A322045D5D002AC628 /* AppDelegate.swift */ = {isa = PBXFileReference; lastKnownFileType = sourcecode.swift; path = AppDelegate.swift; sourceTree = "<group>"; };
		7C62E9A522045D5D002AC628 /* ViewController.swift */ = {isa = PBXFileReference; lastKnownFileType = sourcecode.swift; path = ViewController.swift; sourceTree = "<group>"; };
		7C62E9A822045D5D002AC628 /* Base */ = {isa = PBXFileReference; lastKnownFileType = file.storyboard; name = Base; path = Base.lproj/Main.storyboard; sourceTree = "<group>"; };
		7C62E9AA22045D61002AC628 /* Assets.xcassets */ = {isa = PBXFileReference; lastKnownFileType = folder.assetcatalog; path = Assets.xcassets; sourceTree = "<group>"; };
		7C62E9AD22045D61002AC628 /* Base */ = {isa = PBXFileReference; lastKnownFileType = file.storyboard; name = Base; path = Base.lproj/LaunchScreen.storyboard; sourceTree = "<group>"; };
		7C62E9AF22045D61002AC628 /* Info.plist */ = {isa = PBXFileReference; lastKnownFileType = text.plist.xml; path = Info.plist; sourceTree = "<group>"; };
		7CCBFE03220974F700E784B7 /* Extensions.swift */ = {isa = PBXFileReference; lastKnownFileType = sourcecode.swift; path = Extensions.swift; sourceTree = "<group>"; };
		7CCBFE052209C79C00E784B7 /* UserTableViewCell.swift */ = {isa = PBXFileReference; lastKnownFileType = sourcecode.swift; path = UserTableViewCell.swift; sourceTree = "<group>"; };
		7CCBFE072209CFA200E784B7 /* APIManager.swift */ = {isa = PBXFileReference; lastKnownFileType = sourcecode.swift; path = APIManager.swift; sourceTree = "<group>"; };
		7CCBFE092209CFC400E784B7 /* NetworkResult.swift */ = {isa = PBXFileReference; lastKnownFileType = sourcecode.swift; path = NetworkResult.swift; sourceTree = "<group>"; };
		7CCBFE0B220AFBA500E784B7 /* Requestable.swift */ = {isa = PBXFileReference; lastKnownFileType = sourcecode.swift; path = Requestable.swift; sourceTree = "<group>"; };
		7CCBFE11220AFF5E00E784B7 /* SearchService.swift */ = {isa = PBXFileReference; lastKnownFileType = sourcecode.swift; path = SearchService.swift; sourceTree = "<group>"; };
		7CCBFE13220AFFB000E784B7 /* SearchObject.swift */ = {isa = PBXFileReference; lastKnownFileType = sourcecode.swift; path = SearchObject.swift; sourceTree = "<group>"; };
		7CCBFE15220AFFE000E784B7 /* SearchItem.swift */ = {isa = PBXFileReference; lastKnownFileType = sourcecode.swift; path = SearchItem.swift; sourceTree = "<group>"; };
		7CCBFE17220AFFFE00E784B7 /* UserObject.swift */ = {isa = PBXFileReference; lastKnownFileType = sourcecode.swift; path = UserObject.swift; sourceTree = "<group>"; };
		7CCBFE19220B013B00E784B7 /* UserService.swift */ = {isa = PBXFileReference; lastKnownFileType = sourcecode.swift; path = UserService.swift; sourceTree = "<group>"; };
		F0C21E79001247A44CCC9E48 /* Pods_GithubSearch.framework */ = {isa = PBXFileReference; explicitFileType = wrapper.framework; includeInIndex = 0; path = Pods_GithubSearch.framework; sourceTree = BUILT_PRODUCTS_DIR; };
/* End PBXFileReference section */

/* Begin PBXFrameworksBuildPhase section */
		7C62E99D22045D5D002AC628 /* Frameworks */ = {
			isa = PBXFrameworksBuildPhase;
			buildActionMask = 2147483647;
			files = (
				E669407528B619C1B4E291A1 /* Pods_GithubSearch.framework in Frameworks */,
			);
			runOnlyForDeploymentPostprocessing = 0;
		};
/* End PBXFrameworksBuildPhase section */

/* Begin PBXGroup section */
		15E04208D06CF8741C825162 /* Frameworks */ = {
			isa = PBXGroup;
			children = (
				F0C21E79001247A44CCC9E48 /* Pods_GithubSearch.framework */,
			);
			name = Frameworks;
			sourceTree = "<group>";
		};
		7C62E99722045D5D002AC628 = {
			isa = PBXGroup;
			children = (
				7C62E9A222045D5D002AC628 /* GithubSearch */,
				7C62E9A122045D5D002AC628 /* Products */,
				89AA3837F3F808B9653F88D7 /* Pods */,
				15E04208D06CF8741C825162 /* Frameworks */,
			);
			sourceTree = "<group>";
		};
		7C62E9A122045D5D002AC628 /* Products */ = {
			isa = PBXGroup;
			children = (
				7C62E9A022045D5D002AC628 /* GithubSearch.app */,
			);
			name = Products;
			sourceTree = "<group>";
		};
		7C62E9A222045D5D002AC628 /* GithubSearch */ = {
			isa = PBXGroup;
			children = (
				7CCBFDFC2209734C00E784B7 /* Util */,
				7CCBFDFB2209732E00E784B7 /* ViewController */,
				7CCBFE012209737200E784B7 /* Storyboard */,
				7CCBFE002209736900E784B7 /* Asset */,
				7CCBFE022209738C00E784B7 /* SupportingFiles */,
			);
			path = GithubSearch;
			sourceTree = "<group>";
		};
		7CCBFDFB2209732E00E784B7 /* ViewController */ = {
			isa = PBXGroup;
			children = (
				7C62E9A522045D5D002AC628 /* ViewController.swift */,
				7CCBFE052209C79C00E784B7 /* UserTableViewCell.swift */,
			);
			path = ViewController;
			sourceTree = "<group>";
		};
		7CCBFDFC2209734C00E784B7 /* Util */ = {
			isa = PBXGroup;
			children = (
				7CCBFDFF2209736000E784B7 /* Service */,
				7CCBFDFE2209735B00E784B7 /* Model */,
				7CCBFDFD2209735600E784B7 /* Function */,
			);
			path = Util;
			sourceTree = "<group>";
		};
		7CCBFDFD2209735600E784B7 /* Function */ = {
			isa = PBXGroup;
			children = (
				7CCBFE03220974F700E784B7 /* Extensions.swift */,
			);
			path = Function;
			sourceTree = "<group>";
		};
		7CCBFDFE2209735B00E784B7 /* Model */ = {
			isa = PBXGroup;
			children = (
				7CCBFE13220AFFB000E784B7 /* SearchObject.swift */,
				7CCBFE15220AFFE000E784B7 /* SearchItem.swift */,
				7CCBFE17220AFFFE00E784B7 /* UserObject.swift */,
			);
			path = Model;
			sourceTree = "<group>";
		};
		7CCBFDFF2209736000E784B7 /* Service */ = {
			isa = PBXGroup;
			children = (
				7CCBFE072209CFA200E784B7 /* APIManager.swift */,
				7CCBFE092209CFC400E784B7 /* NetworkResult.swift */,
				7CCBFE0B220AFBA500E784B7 /* Requestable.swift */,
				7CCBFE11220AFF5E00E784B7 /* SearchService.swift */,
				7CCBFE19220B013B00E784B7 /* UserService.swift */,
			);
			path = Service;
			sourceTree = "<group>";
		};
		7CCBFE002209736900E784B7 /* Asset */ = {
			isa = PBXGroup;
			children = (
				7C62E9AA22045D61002AC628 /* Assets.xcassets */,
			);
			path = Asset;
			sourceTree = "<group>";
		};
		7CCBFE012209737200E784B7 /* Storyboard */ = {
			isa = PBXGroup;
			children = (
				7C62E9A722045D5D002AC628 /* Main.storyboard */,
				7C62E9AC22045D61002AC628 /* LaunchScreen.storyboard */,
			);
			path = Storyboard;
			sourceTree = "<group>";
		};
		7CCBFE022209738C00E784B7 /* SupportingFiles */ = {
			isa = PBXGroup;
			children = (
				7C62E9A322045D5D002AC628 /* AppDelegate.swift */,
				7C62E9AF22045D61002AC628 /* Info.plist */,
			);
			path = SupportingFiles;
			sourceTree = "<group>";
		};
		89AA3837F3F808B9653F88D7 /* Pods */ = {
			isa = PBXGroup;
			children = (
				3F8EEA8C0A26478DC89D3C2B /* Pods-GithubSearch.debug.xcconfig */,
				3CBCE16639584363DB1BEBA9 /* Pods-GithubSearch.release.xcconfig */,
			);
			name = Pods;
			sourceTree = "<group>";
		};
/* End PBXGroup section */

/* Begin PBXNativeTarget section */
		7C62E99F22045D5D002AC628 /* GithubSearch */ = {
			isa = PBXNativeTarget;
			buildConfigurationList = 7C62E9B222045D61002AC628 /* Build configuration list for PBXNativeTarget "GithubSearch" */;
			buildPhases = (
				BB96EA142AB6B8E180452BFD /* [CP] Check Pods Manifest.lock */,
				7C62E99C22045D5D002AC628 /* Sources */,
				7C62E99D22045D5D002AC628 /* Frameworks */,
				7C62E99E22045D5D002AC628 /* Resources */,
				328961142B6ED893C899F563 /* [CP] Embed Pods Frameworks */,
			);
			buildRules = (
			);
			dependencies = (
			);
			name = GithubSearch;
			productName = GithubSearch;
			productReference = 7C62E9A022045D5D002AC628 /* GithubSearch.app */;
			productType = "com.apple.product-type.application";
		};
/* End PBXNativeTarget section */

/* Begin PBXProject section */
		7C62E99822045D5D002AC628 /* Project object */ = {
			isa = PBXProject;
			attributes = {
				LastSwiftUpdateCheck = 1010;
				LastUpgradeCheck = 1010;
				ORGANIZATIONNAME = "양어진";
				TargetAttributes = {
					7C62E99F22045D5D002AC628 = {
						CreatedOnToolsVersion = 10.1;
					};
				};
			};
			buildConfigurationList = 7C62E99B22045D5D002AC628 /* Build configuration list for PBXProject "GithubSearch" */;
			compatibilityVersion = "Xcode 9.3";
			developmentRegion = en;
			hasScannedForEncodings = 0;
			knownRegions = (
				en,
				Base,
			);
			mainGroup = 7C62E99722045D5D002AC628;
			productRefGroup = 7C62E9A122045D5D002AC628 /* Products */;
			projectDirPath = "";
			projectRoot = "";
			targets = (
				7C62E99F22045D5D002AC628 /* GithubSearch */,
			);
		};
/* End PBXProject section */

/* Begin PBXResourcesBuildPhase section */
		7C62E99E22045D5D002AC628 /* Resources */ = {
			isa = PBXResourcesBuildPhase;
			buildActionMask = 2147483647;
			files = (
				7C62E9AE22045D61002AC628 /* LaunchScreen.storyboard in Resources */,
				7C62E9AB22045D61002AC628 /* Assets.xcassets in Resources */,
				7C62E9A922045D5D002AC628 /* Main.storyboard in Resources */,
			);
			runOnlyForDeploymentPostprocessing = 0;
		};
/* End PBXResourcesBuildPhase section */

/* Begin PBXShellScriptBuildPhase section */
		328961142B6ED893C899F563 /* [CP] Embed Pods Frameworks */ = {
			isa = PBXShellScriptBuildPhase;
			buildActionMask = 2147483647;
			files = (
			);
			inputFileListPaths = (
			);
			inputPaths = (
				"${SRCROOT}/Pods/Target Support Files/Pods-GithubSearch/Pods-GithubSearch-frameworks.sh",
				"${BUILT_PRODUCTS_DIR}/Alamofire/Alamofire.framework",
				"${BUILT_PRODUCTS_DIR}/AlamofireObjectMapper/AlamofireObjectMapper.framework",
				"${BUILT_PRODUCTS_DIR}/Kingfisher/Kingfisher.framework",
				"${BUILT_PRODUCTS_DIR}/ObjectMapper/ObjectMapper.framework",
			);
			name = "[CP] Embed Pods Frameworks";
			outputFileListPaths = (
			);
			outputPaths = (
				"${TARGET_BUILD_DIR}/${FRAMEWORKS_FOLDER_PATH}/Alamofire.framework",
				"${TARGET_BUILD_DIR}/${FRAMEWORKS_FOLDER_PATH}/AlamofireObjectMapper.framework",
				"${TARGET_BUILD_DIR}/${FRAMEWORKS_FOLDER_PATH}/Kingfisher.framework",
				"${TARGET_BUILD_DIR}/${FRAMEWORKS_FOLDER_PATH}/ObjectMapper.framework",
			);
			runOnlyForDeploymentPostprocessing = 0;
			shellPath = /bin/sh;
			shellScript = "\"${SRCROOT}/Pods/Target Support Files/Pods-GithubSearch/Pods-GithubSearch-frameworks.sh\"\n";
			showEnvVarsInLog = 0;
		};
		BB96EA142AB6B8E180452BFD /* [CP] Check Pods Manifest.lock */ = {
			isa = PBXShellScriptBuildPhase;
			buildActionMask = 2147483647;
			files = (
			);
			inputFileListPaths = (
			);
			inputPaths = (
				"${PODS_PODFILE_DIR_PATH}/Podfile.lock",
				"${PODS_ROOT}/Manifest.lock",
			);
			name = "[CP] Check Pods Manifest.lock";
			outputFileListPaths = (
			);
			outputPaths = (
				"$(DERIVED_FILE_DIR)/Pods-GithubSearch-checkManifestLockResult.txt",
			);
			runOnlyForDeploymentPostprocessing = 0;
			shellPath = /bin/sh;
			shellScript = "diff \"${PODS_PODFILE_DIR_PATH}/Podfile.lock\" \"${PODS_ROOT}/Manifest.lock\" > /dev/null\nif [ $? != 0 ] ; then\n    # print error to STDERR\n    echo \"error: The sandbox is not in sync with the Podfile.lock. Run 'pod install' or update your CocoaPods installation.\" >&2\n    exit 1\nfi\n# This output is used by Xcode 'outputs' to avoid re-running this script phase.\necho \"SUCCESS\" > \"${SCRIPT_OUTPUT_FILE_0}\"\n";
			showEnvVarsInLog = 0;
		};
/* End PBXShellScriptBuildPhase section */

/* Begin PBXSourcesBuildPhase section */
		7C62E99C22045D5D002AC628 /* Sources */ = {
			isa = PBXSourcesBuildPhase;
			buildActionMask = 2147483647;
			files = (
				7CCBFE062209C79C00E784B7 /* UserTableViewCell.swift in Sources */,
				7CCBFE18220AFFFE00E784B7 /* UserObject.swift in Sources */,
				7CCBFE0C220AFBA500E784B7 /* Requestable.swift in Sources */,
				7C62E9A622045D5D002AC628 /* ViewController.swift in Sources */,
				7CCBFE082209CFA200E784B7 /* APIManager.swift in Sources */,
				7CCBFE16220AFFE000E784B7 /* SearchItem.swift in Sources */,
				7CCBFE0A2209CFC400E784B7 /* NetworkResult.swift in Sources */,
				7CCBFE04220974F700E784B7 /* Extensions.swift in Sources */,
				7CCBFE1A220B013B00E784B7 /* UserService.swift in Sources */,
				7CCBFE12220AFF5E00E784B7 /* SearchService.swift in Sources */,
				7CCBFE14220AFFB000E784B7 /* SearchObject.swift in Sources */,
				7C62E9A422045D5D002AC628 /* AppDelegate.swift in Sources */,
			);
			runOnlyForDeploymentPostprocessing = 0;
		};
/* End PBXSourcesBuildPhase section */

/* Begin PBXVariantGroup section */
		7C62E9A722045D5D002AC628 /* Main.storyboard */ = {
			isa = PBXVariantGroup;
			children = (
				7C62E9A822045D5D002AC628 /* Base */,
			);
			name = Main.storyboard;
			sourceTree = "<group>";
		};
		7C62E9AC22045D61002AC628 /* LaunchScreen.storyboard */ = {
			isa = PBXVariantGroup;
			children = (
				7C62E9AD22045D61002AC628 /* Base */,
			);
			name = LaunchScreen.storyboard;
			sourceTree = "<group>";
		};
/* End PBXVariantGroup section */

/* Begin XCBuildConfiguration section */
		7C62E9B022045D61002AC628 /* Debug */ = {
			isa = XCBuildConfiguration;
			buildSettings = {
				ALWAYS_SEARCH_USER_PATHS = NO;
				CLANG_ANALYZER_NONNULL = YES;
				CLANG_ANALYZER_NUMBER_OBJECT_CONVERSION = YES_AGGRESSIVE;
				CLANG_CXX_LANGUAGE_STANDARD = "gnu++14";
				CLANG_CXX_LIBRARY = "libc++";
				CLANG_ENABLE_MODULES = YES;
				CLANG_ENABLE_OBJC_ARC = YES;
				CLANG_ENABLE_OBJC_WEAK = YES;
				CLANG_WARN_BLOCK_CAPTURE_AUTORELEASING = YES;
				CLANG_WARN_BOOL_CONVERSION = YES;
				CLANG_WARN_COMMA = YES;
				CLANG_WARN_CONSTANT_CONVERSION = YES;
				CLANG_WARN_DEPRECATED_OBJC_IMPLEMENTATIONS = YES;
				CLANG_WARN_DIRECT_OBJC_ISA_USAGE = YES_ERROR;
				CLANG_WARN_DOCUMENTATION_COMMENTS = YES;
				CLANG_WARN_EMPTY_BODY = YES;
				CLANG_WARN_ENUM_CONVERSION = YES;
				CLANG_WARN_INFINITE_RECURSION = YES;
				CLANG_WARN_INT_CONVERSION = YES;
				CLANG_WARN_NON_LITERAL_NULL_CONVERSION = YES;
				CLANG_WARN_OBJC_IMPLICIT_RETAIN_SELF = YES;
				CLANG_WARN_OBJC_LITERAL_CONVERSION = YES;
				CLANG_WARN_OBJC_ROOT_CLASS = YES_ERROR;
				CLANG_WARN_RANGE_LOOP_ANALYSIS = YES;
				CLANG_WARN_STRICT_PROTOTYPES = YES;
				CLANG_WARN_SUSPICIOUS_MOVE = YES;
				CLANG_WARN_UNGUARDED_AVAILABILITY = YES_AGGRESSIVE;
				CLANG_WARN_UNREACHABLE_CODE = YES;
				CLANG_WARN__DUPLICATE_METHOD_MATCH = YES;
				CODE_SIGN_IDENTITY = "iPhone Developer";
				COPY_PHASE_STRIP = NO;
				DEBUG_INFORMATION_FORMAT = dwarf;
				ENABLE_STRICT_OBJC_MSGSEND = YES;
				ENABLE_TESTABILITY = YES;
				GCC_C_LANGUAGE_STANDARD = gnu11;
				GCC_DYNAMIC_NO_PIC = NO;
				GCC_NO_COMMON_BLOCKS = YES;
				GCC_OPTIMIZATION_LEVEL = 0;
				GCC_PREPROCESSOR_DEFINITIONS = (
					"DEBUG=1",
					"$(inherited)",
				);
				GCC_WARN_64_TO_32_BIT_CONVERSION = YES;
				GCC_WARN_ABOUT_RETURN_TYPE = YES_ERROR;
				GCC_WARN_UNDECLARED_SELECTOR = YES;
				GCC_WARN_UNINITIALIZED_AUTOS = YES_AGGRESSIVE;
				GCC_WARN_UNUSED_FUNCTION = YES;
				GCC_WARN_UNUSED_VARIABLE = YES;
				IPHONEOS_DEPLOYMENT_TARGET = 12.1;
				MTL_ENABLE_DEBUG_INFO = INCLUDE_SOURCE;
				MTL_FAST_MATH = YES;
				ONLY_ACTIVE_ARCH = YES;
				SDKROOT = iphoneos;
				SWIFT_ACTIVE_COMPILATION_CONDITIONS = DEBUG;
				SWIFT_OPTIMIZATION_LEVEL = "-Onone";
			};
			name = Debug;
		};
		7C62E9B122045D61002AC628 /* Release */ = {
			isa = XCBuildConfiguration;
			buildSettings = {
				ALWAYS_SEARCH_USER_PATHS = NO;
				CLANG_ANALYZER_NONNULL = YES;
				CLANG_ANALYZER_NUMBER_OBJECT_CONVERSION = YES_AGGRESSIVE;
				CLANG_CXX_LANGUAGE_STANDARD = "gnu++14";
				CLANG_CXX_LIBRARY = "libc++";
				CLANG_ENABLE_MODULES = YES;
				CLANG_ENABLE_OBJC_ARC = YES;
				CLANG_ENABLE_OBJC_WEAK = YES;
				CLANG_WARN_BLOCK_CAPTURE_AUTORELEASING = YES;
				CLANG_WARN_BOOL_CONVERSION = YES;
				CLANG_WARN_COMMA = YES;
				CLANG_WARN_CONSTANT_CONVERSION = YES;
				CLANG_WARN_DEPRECATED_OBJC_IMPLEMENTATIONS = YES;
				CLANG_WARN_DIRECT_OBJC_ISA_USAGE = YES_ERROR;
				CLANG_WARN_DOCUMENTATION_COMMENTS = YES;
				CLANG_WARN_EMPTY_BODY = YES;
				CLANG_WARN_ENUM_CONVERSION = YES;
				CLANG_WARN_INFINITE_RECURSION = YES;
				CLANG_WARN_INT_CONVERSION = YES;
				CLANG_WARN_NON_LITERAL_NULL_CONVERSION = YES;
				CLANG_WARN_OBJC_IMPLICIT_RETAIN_SELF = YES;
				CLANG_WARN_OBJC_LITERAL_CONVERSION = YES;
				CLANG_WARN_OBJC_ROOT_CLASS = YES_ERROR;
				CLANG_WARN_RANGE_LOOP_ANALYSIS = YES;
				CLANG_WARN_STRICT_PROTOTYPES = YES;
				CLANG_WARN_SUSPICIOUS_MOVE = YES;
				CLANG_WARN_UNGUARDED_AVAILABILITY = YES_AGGRESSIVE;
				CLANG_WARN_UNREACHABLE_CODE = YES;
				CLANG_WARN__DUPLICATE_METHOD_MATCH = YES;
				CODE_SIGN_IDENTITY = "iPhone Developer";
				COPY_PHASE_STRIP = NO;
				DEBUG_INFORMATION_FORMAT = "dwarf-with-dsym";
				ENABLE_NS_ASSERTIONS = NO;
				ENABLE_STRICT_OBJC_MSGSEND = YES;
				GCC_C_LANGUAGE_STANDARD = gnu11;
				GCC_NO_COMMON_BLOCKS = YES;
				GCC_WARN_64_TO_32_BIT_CONVERSION = YES;
				GCC_WARN_ABOUT_RETURN_TYPE = YES_ERROR;
				GCC_WARN_UNDECLARED_SELECTOR = YES;
				GCC_WARN_UNINITIALIZED_AUTOS = YES_AGGRESSIVE;
				GCC_WARN_UNUSED_FUNCTION = YES;
				GCC_WARN_UNUSED_VARIABLE = YES;
				IPHONEOS_DEPLOYMENT_TARGET = 12.1;
				MTL_ENABLE_DEBUG_INFO = NO;
				MTL_FAST_MATH = YES;
				SDKROOT = iphoneos;
				SWIFT_COMPILATION_MODE = wholemodule;
				SWIFT_OPTIMIZATION_LEVEL = "-O";
				VALIDATE_PRODUCT = YES;
			};
			name = Release;
		};
		7C62E9B322045D61002AC628 /* Debug */ = {
			isa = XCBuildConfiguration;
			baseConfigurationReference = 3F8EEA8C0A26478DC89D3C2B /* Pods-GithubSearch.debug.xcconfig */;
			buildSettings = {
				ASSETCATALOG_COMPILER_APPICON_NAME = AppIcon;
				CODE_SIGN_STYLE = Automatic;
				DEVELOPMENT_TEAM = "";
				INFOPLIST_FILE = "$(SRCROOT)/GithubSearch/SupportingFiles/Info.plist";
				LD_RUNPATH_SEARCH_PATHS = (
					"$(inherited)",
					"@executable_path/Frameworks",
				);
				PRODUCT_BUNDLE_IDENTIFIER = com.eojin.GithubSearch;
				PRODUCT_NAME = "$(TARGET_NAME)";
				SWIFT_VERSION = 4.2;
				TARGETED_DEVICE_FAMILY = "1,2";
			};
			name = Debug;
		};
		7C62E9B422045D61002AC628 /* Release */ = {
			isa = XCBuildConfiguration;
			baseConfigurationReference = 3CBCE16639584363DB1BEBA9 /* Pods-GithubSearch.release.xcconfig */;
			buildSettings = {
				ASSETCATALOG_COMPILER_APPICON_NAME = AppIcon;
				CODE_SIGN_STYLE = Automatic;
				DEVELOPMENT_TEAM = "";
				INFOPLIST_FILE = "$(SRCROOT)/GithubSearch/SupportingFiles/Info.plist";
				LD_RUNPATH_SEARCH_PATHS = (
					"$(inherited)",
					"@executable_path/Frameworks",
				);
				PRODUCT_BUNDLE_IDENTIFIER = com.eojin.GithubSearch;
				PRODUCT_NAME = "$(TARGET_NAME)";
				SWIFT_VERSION = 4.2;
				TARGETED_DEVICE_FAMILY = "1,2";
			};
			name = Release;
		};
/* End XCBuildConfiguration section */

/* Begin XCConfigurationList section */
		7C62E99B22045D5D002AC628 /* Build configuration list for PBXProject "GithubSearch" */ = {
			isa = XCConfigurationList;
			buildConfigurations = (
				7C62E9B022045D61002AC628 /* Debug */,
				7C62E9B122045D61002AC628 /* Release */,
			);
			defaultConfigurationIsVisible = 0;
			defaultConfigurationName = Release;
		};
		7C62E9B222045D61002AC628 /* Build configuration list for PBXNativeTarget "GithubSearch" */ = {
			isa = XCConfigurationList;
			buildConfigurations = (
				7C62E9B322045D61002AC628 /* Debug */,
				7C62E9B422045D61002AC628 /* Release */,
			);
			defaultConfigurationIsVisible = 0;
			defaultConfigurationName = Release;
		};
/* End XCConfigurationList section */
	};
	rootObject = 7C62E99822045D5D002AC628 /* Project object */;
}
